
Microsoft Visual Studio Solution File, Format Version 12.00
# Visual Studio Version 17
VisualStudioVersion = 17.1.32414.318
MinimumVisualStudioVersion = 10.0.40219.1
Project("{FAE04EC0-301F-11D3-BF4B-00C04F79EFBC}") = "SupercowTexturesTool", "SupercowTexturesTool\SupercowTexturesTool.csproj", "{5923816B-4D25-4088-835A-829F263E1B99}"
EndProject
Global
	GlobalSection(SolutionConfigurationPlatforms) = preSolution
		Debug|Any CPU = Debug|Any CPU
		Release|Any CPU = Release|Any CPU
	EndGlobalSection
	GlobalSection(ProjectConfigurationPlatforms) = postSolution
		{5923816B-4D25-4088-835A-829F263E1B99}.Debug|Any CPU.ActiveCfg = Debug|Any CPU
		{5923816B-4D25-4088-835A-829F263E1B99}.Debug|Any CPU.Build.0 = Debug|Any CPU
		{5923816B-4D25-4088-835A-829F263E1B99}.Release|Any CPU.ActiveCfg = Release|Any CPU
		{5923816B-4D25-4088-835A-829F263E1B99}.Release|Any CPU.Build.0 = Release|Any CPU
	EndGlobalSection
	GlobalSection(SolutionProperties) = preSolution
		HideSolutionNode = FALSE
	EndGlobalSection
	GlobalSection(ExtensibilityGlobals) = postSolution
		SolutionGuid = {76294C7E-7054-42D0-A906-568210559E8A}
	EndGlobalSection
EndGlobal
